
Microsoft Visual Studio Solution File, Format Version 12.00
# Visual Studio Version 16
VisualStudioVersion = 16.0.809.10
MinimumVisualStudioVersion = 10.0.40219.1
Project("{FAE04EC0-301F-11D3-BF4B-00C04F79EFBC}") = "0001HelloWorld", "0001HelloWorld\0001HelloWorld.csproj", "{173E9D15-1EA9-47B0-8B73-E1D1E4668A41}"
EndProject
Project("{FAE04EC0-301F-11D3-BF4B-00C04F79EFBC}") = "0011Conditional", "0011Conditional\0011Conditional.csproj", "{C8D19929-597D-480B-8C0B-E823289529F3}"
EndProject
Project("{FAE04EC0-301F-11D3-BF4B-00C04F79EFBC}") = "0012Voting", "0012Voting\0012Voting.csproj", "{1BEA2557-7E5B-4D2B-9E1C-5926FD6D31E0}"
EndProject
Project("{FAE04EC0-301F-11D3-BF4B-00C04F79EFBC}") = "0002Addition", "0002Addition\0002Addition.csproj", "{1D64B000-49F0-4809-AEDF-A1AC2B299E6B}"
EndProject
Project("{FAE04EC0-301F-11D3-BF4B-00C04F79EFBC}") = "0003Subtraction", "0003Subtraction\0003Subtraction.csproj", "{C5CD6723-4344-480A-AC06-FDEACA05119A}"
EndProject
Project("{FAE04EC0-301F-11D3-BF4B-00C04F79EFBC}") = "0004Multiplication", "0004Multiplication\0004Multiplication.csproj", "{A87A89EE-8979-496E-A415-C3A30490025C}"
EndProject
Project("{FAE04EC0-301F-11D3-BF4B-00C04F79EFBC}") = "0005Divison", "0005Divison\0005Divison.csproj", "{BD33AF0C-DE7F-4677-863B-E28EAD27B7E8}"
EndProject
Project("{FAE04EC0-301F-11D3-BF4B-00C04F79EFBC}") = "0006AreaofRectangle", "0006AreaofRectangle\0006AreaofRectangle.csproj", "{32FB4171-1958-49D1-B1A8-2AC210E1FDDE}"
EndProject
Project("{FAE04EC0-301F-11D3-BF4B-00C04F79EFBC}") = "0007AreaofTriangle", "0007\0007AreaofTriangle.csproj", "{9A25B41B-6FB7-4188-87F8-3642452FFB37}"
EndProject
Project("{FAE04EC0-301F-11D3-BF4B-00C04F79EFBC}") = "0008AreaofCircle", "0008\0008AreaofCircle.csproj", "{76717021-7DE0-4B0E-9797-C960EA01C5E8}"
EndProject
Project("{FAE04EC0-301F-11D3-BF4B-00C04F79EFBC}") = "0009AreaofSphere", "0009\0009AreaofSphere.csproj", "{77767BE4-604E-46F0-A207-4D8E3CB7ED7F}"
EndProject
Project("{FAE04EC0-301F-11D3-BF4B-00C04F79EFBC}") = "0010AreaofSquare", "0010\0010AreaofSquare.csproj", "{A58E9A28-E238-405D-B10F-3A6321D8685E}"
EndProject
Project("{FAE04EC0-301F-11D3-BF4B-00C04F79EFBC}") = "0013ArithmaticOperators", "0013ArithmaticOperators\0013ArithmaticOperators.csproj", "{21703D1C-9D23-4081-936B-2D23D5491396}"
EndProject
Project("{FAE04EC0-301F-11D3-BF4B-00C04F79EFBC}") = "0014IncOperators", "0014IncOperators\0014IncOperators.csproj", "{6E90BC94-8446-4645-84E9-3C464A5CDCA1}"
EndProject
Project("{FAE04EC0-301F-11D3-BF4B-00C04F79EFBC}") = "0015DecOperators", "0015DecOperators\0015DecOperators.csproj", "{36D5C952-ED30-43D8-82D0-561CBCBFAC6B}"
EndProject
Global
	GlobalSection(SolutionConfigurationPlatforms) = preSolution
		Debug|Any CPU = Debug|Any CPU
		Release|Any CPU = Release|Any CPU
	EndGlobalSection
	GlobalSection(ProjectConfigurationPlatforms) = postSolution
		{173E9D15-1EA9-47B0-8B73-E1D1E4668A41}.Debug|Any CPU.ActiveCfg = Debug|Any CPU
		{173E9D15-1EA9-47B0-8B73-E1D1E4668A41}.Debug|Any CPU.Build.0 = Debug|Any CPU
		{173E9D15-1EA9-47B0-8B73-E1D1E4668A41}.Release|Any CPU.ActiveCfg = Release|Any CPU
		{173E9D15-1EA9-47B0-8B73-E1D1E4668A41}.Release|Any CPU.Build.0 = Release|Any CPU
		{C8D19929-597D-480B-8C0B-E823289529F3}.Debug|Any CPU.ActiveCfg = Debug|Any CPU
		{C8D19929-597D-480B-8C0B-E823289529F3}.Debug|Any CPU.Build.0 = Debug|Any CPU
		{C8D19929-597D-480B-8C0B-E823289529F3}.Release|Any CPU.ActiveCfg = Release|Any CPU
		{C8D19929-597D-480B-8C0B-E823289529F3}.Release|Any CPU.Build.0 = Release|Any CPU
		{1BEA2557-7E5B-4D2B-9E1C-5926FD6D31E0}.Debug|Any CPU.ActiveCfg = Debug|Any CPU
		{1BEA2557-7E5B-4D2B-9E1C-5926FD6D31E0}.Debug|Any CPU.Build.0 = Debug|Any CPU
		{1BEA2557-7E5B-4D2B-9E1C-5926FD6D31E0}.Release|Any CPU.ActiveCfg = Release|Any CPU
		{1BEA2557-7E5B-4D2B-9E1C-5926FD6D31E0}.Release|Any CPU.Build.0 = Release|Any CPU
		{1D64B000-49F0-4809-AEDF-A1AC2B299E6B}.Debug|Any CPU.ActiveCfg = Debug|Any CPU
		{1D64B000-49F0-4809-AEDF-A1AC2B299E6B}.Debug|Any CPU.Build.0 = Debug|Any CPU
		{1D64B000-49F0-4809-AEDF-A1AC2B299E6B}.Release|Any CPU.ActiveCfg = Release|Any CPU
		{1D64B000-49F0-4809-AEDF-A1AC2B299E6B}.Release|Any CPU.Build.0 = Release|Any CPU
		{C5CD6723-4344-480A-AC06-FDEACA05119A}.Debug|Any CPU.ActiveCfg = Debug|Any CPU
		{C5CD6723-4344-480A-AC06-FDEACA05119A}.Debug|Any CPU.Build.0 = Debug|Any CPU
		{C5CD6723-4344-480A-AC06-FDEACA05119A}.Release|Any CPU.ActiveCfg = Release|Any CPU
		{C5CD6723-4344-480A-AC06-FDEACA05119A}.Release|Any CPU.Build.0 = Release|Any CPU
		{A87A89EE-8979-496E-A415-C3A30490025C}.Debug|Any CPU.ActiveCfg = Debug|Any CPU
		{A87A89EE-8979-496E-A415-C3A30490025C}.Debug|Any CPU.Build.0 = Debug|Any CPU
		{A87A89EE-8979-496E-A415-C3A30490025C}.Release|Any CPU.ActiveCfg = Release|Any CPU
		{A87A89EE-8979-496E-A415-C3A30490025C}.Release|Any CPU.Build.0 = Release|Any CPU
		{BD33AF0C-DE7F-4677-863B-E28EAD27B7E8}.Debug|Any CPU.ActiveCfg = Debug|Any CPU
		{BD33AF0C-DE7F-4677-863B-E28EAD27B7E8}.Debug|Any CPU.Build.0 = Debug|Any CPU
		{BD33AF0C-DE7F-4677-863B-E28EAD27B7E8}.Release|Any CPU.ActiveCfg = Release|Any CPU
		{BD33AF0C-DE7F-4677-863B-E28EAD27B7E8}.Release|Any CPU.Build.0 = Release|Any CPU
		{32FB4171-1958-49D1-B1A8-2AC210E1FDDE}.Debug|Any CPU.ActiveCfg = Debug|Any CPU
		{32FB4171-1958-49D1-B1A8-2AC210E1FDDE}.Debug|Any CPU.Build.0 = Debug|Any CPU
		{32FB4171-1958-49D1-B1A8-2AC210E1FDDE}.Release|Any CPU.ActiveCfg = Release|Any CPU
		{32FB4171-1958-49D1-B1A8-2AC210E1FDDE}.Release|Any CPU.Build.0 = Release|Any CPU
		{9A25B41B-6FB7-4188-87F8-3642452FFB37}.Debug|Any CPU.ActiveCfg = Debug|Any CPU
		{9A25B41B-6FB7-4188-87F8-3642452FFB37}.Debug|Any CPU.Build.0 = Debug|Any CPU
		{9A25B41B-6FB7-4188-87F8-3642452FFB37}.Release|Any CPU.ActiveCfg = Release|Any CPU
		{9A25B41B-6FB7-4188-87F8-3642452FFB37}.Release|Any CPU.Build.0 = Release|Any CPU
		{76717021-7DE0-4B0E-9797-C960EA01C5E8}.Debug|Any CPU.ActiveCfg = Debug|Any CPU
		{76717021-7DE0-4B0E-9797-C960EA01C5E8}.Debug|Any CPU.Build.0 = Debug|Any CPU
		{76717021-7DE0-4B0E-9797-C960EA01C5E8}.Release|Any CPU.ActiveCfg = Release|Any CPU
		{76717021-7DE0-4B0E-9797-C960EA01C5E8}.Release|Any CPU.Build.0 = Release|Any CPU
		{77767BE4-604E-46F0-A207-4D8E3CB7ED7F}.Debug|Any CPU.ActiveCfg = Debug|Any CPU
		{77767BE4-604E-46F0-A207-4D8E3CB7ED7F}.Debug|Any CPU.Build.0 = Debug|Any CPU
		{77767BE4-604E-46F0-A207-4D8E3CB7ED7F}.Release|Any CPU.ActiveCfg = Release|Any CPU
		{77767BE4-604E-46F0-A207-4D8E3CB7ED7F}.Release|Any CPU.Build.0 = Release|Any CPU
		{A58E9A28-E238-405D-B10F-3A6321D8685E}.Debug|Any CPU.ActiveCfg = Debug|Any CPU
		{A58E9A28-E238-405D-B10F-3A6321D8685E}.Debug|Any CPU.Build.0 = Debug|Any CPU
		{A58E9A28-E238-405D-B10F-3A6321D8685E}.Release|Any CPU.ActiveCfg = Release|Any CPU
		{A58E9A28-E238-405D-B10F-3A6321D8685E}.Release|Any CPU.Build.0 = Release|Any CPU
		{21703D1C-9D23-4081-936B-2D23D5491396}.Debug|Any CPU.ActiveCfg = Debug|Any CPU
		{21703D1C-9D23-4081-936B-2D23D5491396}.Debug|Any CPU.Build.0 = Debug|Any CPU
		{21703D1C-9D23-4081-936B-2D23D5491396}.Release|Any CPU.ActiveCfg = Release|Any CPU
		{21703D1C-9D23-4081-936B-2D23D5491396}.Release|Any CPU.Build.0 = Release|Any CPU
		{6E90BC94-8446-4645-84E9-3C464A5CDCA1}.Debug|Any CPU.ActiveCfg = Debug|Any CPU
		{6E90BC94-8446-4645-84E9-3C464A5CDCA1}.Debug|Any CPU.Build.0 = Debug|Any CPU
		{6E90BC94-8446-4645-84E9-3C464A5CDCA1}.Release|Any CPU.ActiveCfg = Release|Any CPU
		{6E90BC94-8446-4645-84E9-3C464A5CDCA1}.Release|Any CPU.Build.0 = Release|Any CPU
		{36D5C952-ED30-43D8-82D0-561CBCBFAC6B}.Debug|Any CPU.ActiveCfg = Debug|Any CPU
		{36D5C952-ED30-43D8-82D0-561CBCBFAC6B}.Debug|Any CPU.Build.0 = Debug|Any CPU
		{36D5C952-ED30-43D8-82D0-561CBCBFAC6B}.Release|Any CPU.ActiveCfg = Release|Any CPU
		{36D5C952-ED30-43D8-82D0-561CBCBFAC6B}.Release|Any CPU.Build.0 = Release|Any CPU
	EndGlobalSection
	GlobalSection(SolutionProperties) = preSolution
		HideSolutionNode = FALSE
	EndGlobalSection
	GlobalSection(ExtensibilityGlobals) = postSolution
		SolutionGuid = {3120C2FB-8727-46E7-B692-9D51E5DAFF05}
	EndGlobalSection
EndGlobal
